{
  "name": "translator",
  "version": "1.0.0",
  "lockfileVersion": 1,
  "requires": true,
  "dependencies": {
    "ast-types": {
      "version": "0.14.1",
      "resolved": "https://registry.npmjs.org/ast-types/-/ast-types-0.14.1.tgz",
      "integrity": "sha512-pfSiukbt23P1qMhNnsozLzhMLBs7EEeXqPyvPmnuZM+RMfwfqwDbSVKYflgGuVI7/VehR4oMks0igzdNAg4VeQ==",
      "requires": {
        "tslib": "^2.0.1"
      }
    },
    "esprima": {
      "version": "4.0.1",
      "resolved": "https://registry.npmjs.org/esprima/-/esprima-4.0.1.tgz",
      "integrity": "sha512-eGuFFw7Upda+g4p+QHvnW0RyTX/SVeJBDM/gCtMARO0cLuT2HcEKnTPvhjV6aGeqrCB/sbNop0Kszm0jsaWU4A=="
    },
    "private": {
      "version": "0.1.8",
      "resolved": "https://registry.npmjs.org/private/-/private-0.1.8.tgz",
      "integrity": "sha512-VvivMrbvd2nKkiG38qjULzlc+4Vx4wm/whI9pQD35YrARNnhxeiRktSOhSukRLFNlzg6Br/cJPet5J/u19r/mg=="
    },
    "recast": {
      "version": "0.20.3",
      "resolved": "https://registry.npmjs.org/recast/-/recast-0.20.3.tgz",
      "integrity": "sha512-jrEPzRV5B7wfRiN0UYMtjgIx1Hp8MRHdLcMYqMNd0DoOe1CB5JmPL/04I7WPuuApCs7LCSisYK/FfKnPEaJrzw==",
      "requires": {
        "ast-types": "0.14.1",
        "esprima": "~4.0.0",
        "private": "^0.1.8",
        "source-map": "~0.6.1",
        "tslib": "^2.0.1"
      }
    },
    "source-map": {
      "version": "0.6.1",
      "resolved": "https://registry.npmjs.org/source-map/-/source-map-0.6.1.tgz",
      "integrity": "sha512-UjgapumWlbMhkBgzT7Ykc5YXUT46F0iKu8SGXq0bcwP5dz/h0Plj6enJqjz1Zbq2l5WaqYnrVbwWOWMyF3F47g=="
    },
    "tslib": {
      "version": "2.0.1",
      "resolved": "https://registry.npmjs.org/tslib/-/tslib-2.0.1.tgz",
      "integrity": "sha512-SgIkNheinmEBgx1IUNirK0TUD4X9yjjBRTqqjggWCU3pUEqIk3/Uwl3yRixYKT6WjQuGiwDv4NomL3wqRCj+CQ=="
    }
  }
}
